<?xml version="1.0" encoding="utf-8"?>
<Project ToolsVersion="4.0" xmlns="http://schemas.microsoft.com/developer/msbuild/2003">
  <ItemGroup>
    <ClCompile Include="..\..\src\main.cpp" />
    <ClCompile Include="..\..\src\app\ONutTestApp.cpp">
      <Filter>app</Filter>
    </ClCompile>
    <ClCompile Include="..\..\src\app\StartView.cpp">
      <Filter>app\Views</Filter>
    </ClCompile>
    <ClCompile Include="..\..\src\seed\App.cpp">
      <Filter>seed</Filter>
    </ClCompile>
    <ClCompile Include="..\..\src\seed\Sprite.cpp">
      <Filter>seed</Filter>
    </ClCompile>
    <ClCompile Include="..\..\src\seed\View.cpp">
      <Filter>seed</Filter>
    </ClCompile>
    <ClCompile Include="..\..\src\seed\Node.cpp">
      <Filter>seed</Filter>
    </ClCompile>
    <ClCompile Include="..\..\src\seed\Button.cpp">
      <Filter>seed</Filter>
    </ClCompile>
    <ClCompile Include="..\..\src\seed\SpriteString.cpp">
      <Filter>seed</Filter>
    </ClCompile>
    <ClCompile Include="..\..\src\seed\Emitter.cpp">
      <Filter>seed</Filter>
    </ClCompile>
    <ClCompile Include="..\..\src\app\GameView.cpp">
      <Filter>app\Views</Filter>
    </ClCompile>
    <ClCompile Include="..\..\src\app\SplashView.cpp">
      <Filter>app\Views</Filter>
    </ClCompile>
    <ClCompile Include="..\..\src\seed\SoundEmitter.cpp">
      <Filter>seed</Filter>
    </ClCompile>
    <ClCompile Include="..\..\src\seed\MusicEmitter.cpp">
      <Filter>seed</Filter>
    </ClCompile>
  </ItemGroup>
  <ItemGroup>
    <Filter Include="seed">
      <UniqueIdentifier>{8ccc1d83-baa6-45d8-9ff3-79c04bb34ea3}</UniqueIdentifier>
    </Filter>
    <Filter Include="app">
      <UniqueIdentifier>{945cdf4d-19ee-4b16-ab52-f3088995b381}</UniqueIdentifier>
    </Filter>
    <Filter Include="app\Views">
      <UniqueIdentifier>{a3a3f0f2-bc26-4cc6-987c-583dd0cc19b6}</UniqueIdentifier>
    </Filter>
  </ItemGroup>
  <ItemGroup>
    <ClInclude Include="..\..\src\app\ONutTestApp.h">
      <Filter>app</Filter>
    </ClInclude>
    <ClInclude Include="..\..\src\app\StartView.h">
      <Filter>app\Views</Filter>
    </ClInclude>
    <ClInclude Include="..\..\src\seed\App.h">
      <Filter>seed</Filter>
    </ClInclude>
    <ClInclude Include="..\..\src\seed\Sprite.h">
      <Filter>seed</Filter>
    </ClInclude>
    <ClInclude Include="..\..\src\seed\View.h">
      <Filter>seed</Filter>
    </ClInclude>
    <ClInclude Include="..\..\src\seed\SeedGlobals.h">
      <Filter>seed</Filter>
    </ClInclude>
    <ClInclude Include="..\..\src\seed\Node.h">
      <Filter>seed</Filter>
    </ClInclude>
    <ClInclude Include="..\..\src\seed\Button.h">
      <Filter>seed</Filter>
    </ClInclude>
    <ClInclude Include="..\..\src\seed\SpriteString.h">
      <Filter>seed</Filter>
    </ClInclude>
    <ClInclude Include="..\..\src\seed\Emitter.h">
      <Filter>seed</Filter>
    </ClInclude>
    <ClInclude Include="..\..\src\app\GameView.h">
      <Filter>app\Views</Filter>
    </ClInclude>
    <ClInclude Include="..\..\src\app\SplashView.h">
      <Filter>app\Views</Filter>
    </ClInclude>
    <ClInclude Include="..\..\src\seed\SoundEmitter.h">
      <Filter>seed</Filter>
    </ClInclude>
    <ClInclude Include="..\..\src\seed\MusicEmitter.h">
      <Filter>seed</Filter>
    </ClInclude>
  </ItemGroup>
</Project>