<?xml version="1.0" encoding="utf-8"?>
<Project ToolsVersion="4.0" xmlns="http://schemas.microsoft.com/developer/msbuild/2003">
  <ItemGroup>
    <ClCompile Include="..\..\src\main.cpp" />
    <ClCompile Include="..\..\src\app\ONutTestApp.cpp">
      <Filter>app</Filter>
    </ClCompile>
    <ClCompile Include="..\..\src\app\StartView.cpp">
      <Filter>app\Views</Filter>
    </ClCompile>
    <ClCompile Include="..\..\src\seed\App.cpp">
      <Filter>seed</Filter>
    </ClCompile>
    <ClCompile Include="..\..\src\seed\Sprite.cpp">
      <Filter>seed</Filter>
    </ClCompile>
    <ClCompile Include="..\..\src\seed\View.cpp">
      <Filter>seed</Filter>
    </ClCompile>
    <ClCompile Include="..\..\src\seed\Node.cpp">
      <Filter>seed</Filter>
    </ClCompile>
    <ClCompile Include="..\..\src\seed\Button.cpp">
      <Filter>seed</Filter>
    </ClCompile>
    <ClCompile Include="..\..\src\seed\SpriteString.cpp">
      <Filter>seed</Filter>
    </ClCompile>
    <ClCompile Include="..\..\src\seed\Emitter.cpp">
      <Filter>seed</Filter>
    </ClCompile>
    <ClCompile Include="..\..\src\app\GameView.cpp">
      <Filter>app\Views</Filter>
    </ClCompile>
    <ClCompile Include="..\..\src\app\SplashView.cpp">
      <Filter>app\Views</Filter>
    </ClCompile>
    <ClCompile Include="..\..\src\seed\SoundEmitter.cpp">
      <Filter>seed</Filter>
    </ClCompile>
    <ClCompile Include="..\..\src\seed\MusicEmitter.cpp">
      <Filter>seed</Filter>
    </ClCompile>
    <ClCompile Include="..\..\src\seed\Video.cpp">
      <Filter>seed</Filter>
    </ClCompile>
    <ClCompile Include="..\..\src\seed\Effect.cpp">
      <Filter>seed</Filter>
    </ClCompile>
    <ClCompile Include="..\..\src\seed\TiledMapNode.cpp">
      <Filter>seed</Filter>
    </ClCompile>
    <ClCompile Include="..\..\Box2D\Common\b2BlockAllocator.cpp">
      <Filter>Box2D</Filter>
    </ClCompile>
    <ClCompile Include="..\..\Box2D\Dynamics\b2Body.cpp">
      <Filter>Box2D</Filter>
    </ClCompile>
    <ClCompile Include="..\..\Box2D\Collision\b2BroadPhase.cpp">
      <Filter>Box2D</Filter>
    </ClCompile>
    <ClCompile Include="..\..\Box2D\Dynamics\Contacts\b2ChainAndCircleContact.cpp">
      <Filter>Box2D</Filter>
    </ClCompile>
    <ClCompile Include="..\..\Box2D\Dynamics\Contacts\b2ChainAndPolygonContact.cpp">
      <Filter>Box2D</Filter>
    </ClCompile>
    <ClCompile Include="..\..\Box2D\Collision\Shapes\b2ChainShape.cpp">
      <Filter>Box2D</Filter>
    </ClCompile>
    <ClCompile Include="..\..\Box2D\Dynamics\Contacts\b2CircleContact.cpp">
      <Filter>Box2D</Filter>
    </ClCompile>
    <ClCompile Include="..\..\Box2D\Collision\Shapes\b2CircleShape.cpp">
      <Filter>Box2D</Filter>
    </ClCompile>
    <ClCompile Include="..\..\Box2D\Collision\b2CollideCircle.cpp">
      <Filter>Box2D</Filter>
    </ClCompile>
    <ClCompile Include="..\..\Box2D\Collision\b2CollideEdge.cpp">
      <Filter>Box2D</Filter>
    </ClCompile>
    <ClCompile Include="..\..\Box2D\Collision\b2CollidePolygon.cpp">
      <Filter>Box2D</Filter>
    </ClCompile>
    <ClCompile Include="..\..\Box2D\Collision\b2Collision.cpp">
      <Filter>Box2D</Filter>
    </ClCompile>
    <ClCompile Include="..\..\Box2D\Dynamics\Contacts\b2Contact.cpp">
      <Filter>Box2D</Filter>
    </ClCompile>
    <ClCompile Include="..\..\Box2D\Dynamics\b2ContactManager.cpp">
      <Filter>Box2D</Filter>
    </ClCompile>
    <ClCompile Include="..\..\Box2D\Dynamics\Contacts\b2ContactSolver.cpp">
      <Filter>Box2D</Filter>
    </ClCompile>
    <ClCompile Include="..\..\Box2D\Collision\b2Distance.cpp">
      <Filter>Box2D</Filter>
    </ClCompile>
    <ClCompile Include="..\..\Box2D\Dynamics\Joints\b2DistanceJoint.cpp">
      <Filter>Box2D</Filter>
    </ClCompile>
    <ClCompile Include="..\..\Box2D\Common\b2Draw.cpp">
      <Filter>Box2D</Filter>
    </ClCompile>
    <ClCompile Include="..\..\Box2D\Collision\b2DynamicTree.cpp">
      <Filter>Box2D</Filter>
    </ClCompile>
    <ClCompile Include="..\..\Box2D\Dynamics\Contacts\b2EdgeAndCircleContact.cpp">
      <Filter>Box2D</Filter>
    </ClCompile>
    <ClCompile Include="..\..\Box2D\Dynamics\Contacts\b2EdgeAndPolygonContact.cpp">
      <Filter>Box2D</Filter>
    </ClCompile>
    <ClCompile Include="..\..\Box2D\Collision\Shapes\b2EdgeShape.cpp">
      <Filter>Box2D</Filter>
    </ClCompile>
    <ClCompile Include="..\..\Box2D\Dynamics\b2Fixture.cpp">
      <Filter>Box2D</Filter>
    </ClCompile>
    <ClCompile Include="..\..\Box2D\Dynamics\Joints\b2FrictionJoint.cpp">
      <Filter>Box2D</Filter>
    </ClCompile>
    <ClCompile Include="..\..\Box2D\Dynamics\Joints\b2GearJoint.cpp">
      <Filter>Box2D</Filter>
    </ClCompile>
    <ClCompile Include="..\..\Box2D\Dynamics\b2Island.cpp">
      <Filter>Box2D</Filter>
    </ClCompile>
    <ClCompile Include="..\..\Box2D\Dynamics\Joints\b2Joint.cpp">
      <Filter>Box2D</Filter>
    </ClCompile>
    <ClCompile Include="..\..\Box2D\Common\b2Math.cpp">
      <Filter>Box2D</Filter>
    </ClCompile>
    <ClCompile Include="..\..\Box2D\Dynamics\Joints\b2MotorJoint.cpp">
      <Filter>Box2D</Filter>
    </ClCompile>
    <ClCompile Include="..\..\Box2D\Dynamics\Joints\b2MouseJoint.cpp">
      <Filter>Box2D</Filter>
    </ClCompile>
    <ClCompile Include="..\..\Box2D\Dynamics\Contacts\b2PolygonAndCircleContact.cpp">
      <Filter>Box2D</Filter>
    </ClCompile>
    <ClCompile Include="..\..\Box2D\Dynamics\Contacts\b2PolygonContact.cpp">
      <Filter>Box2D</Filter>
    </ClCompile>
    <ClCompile Include="..\..\Box2D\Collision\Shapes\b2PolygonShape.cpp">
      <Filter>Box2D</Filter>
    </ClCompile>
    <ClCompile Include="..\..\Box2D\Dynamics\Joints\b2PrismaticJoint.cpp">
      <Filter>Box2D</Filter>
    </ClCompile>
    <ClCompile Include="..\..\Box2D\Dynamics\Joints\b2PulleyJoint.cpp">
      <Filter>Box2D</Filter>
    </ClCompile>
    <ClCompile Include="..\..\Box2D\Dynamics\Joints\b2RevoluteJoint.cpp">
      <Filter>Box2D</Filter>
    </ClCompile>
    <ClCompile Include="..\..\Box2D\Rope\b2Rope.cpp">
      <Filter>Box2D</Filter>
    </ClCompile>
    <ClCompile Include="..\..\Box2D\Dynamics\Joints\b2RopeJoint.cpp">
      <Filter>Box2D</Filter>
    </ClCompile>
    <ClCompile Include="..\..\Box2D\Common\b2Settings.cpp">
      <Filter>Box2D</Filter>
    </ClCompile>
    <ClCompile Include="..\..\Box2D\Common\b2StackAllocator.cpp">
      <Filter>Box2D</Filter>
    </ClCompile>
    <ClCompile Include="..\..\Box2D\Collision\b2TimeOfImpact.cpp">
      <Filter>Box2D</Filter>
    </ClCompile>
    <ClCompile Include="..\..\Box2D\Common\b2Timer.cpp">
      <Filter>Box2D</Filter>
    </ClCompile>
    <ClCompile Include="..\..\Box2D\Dynamics\Joints\b2WeldJoint.cpp">
      <Filter>Box2D</Filter>
    </ClCompile>
    <ClCompile Include="..\..\Box2D\Dynamics\Joints\b2WheelJoint.cpp">
      <Filter>Box2D</Filter>
    </ClCompile>
    <ClCompile Include="..\..\Box2D\Dynamics\b2World.cpp">
      <Filter>Box2D</Filter>
    </ClCompile>
    <ClCompile Include="..\..\Box2D\Dynamics\b2WorldCallbacks.cpp">
      <Filter>Box2D</Filter>
    </ClCompile>
    <ClCompile Include="..\..\src\seed\PhysicsMgr.cpp">
      <Filter>seed</Filter>
    </ClCompile>
    <ClCompile Include="..\..\src\app\PhysicsView.cpp">
      <Filter>app\Views</Filter>
    </ClCompile>
    <ClCompile Include="..\..\src\seed\PhysicsBody.cpp">
      <Filter>seed</Filter>
    </ClCompile>
    <ClCompile Include="..\..\src\seed\PhysicsListener.cpp">
      <Filter>seed</Filter>
    </ClCompile>
  </ItemGroup>
  <ItemGroup>
    <Filter Include="seed">
      <UniqueIdentifier>{8ccc1d83-baa6-45d8-9ff3-79c04bb34ea3}</UniqueIdentifier>
    </Filter>
    <Filter Include="app">
      <UniqueIdentifier>{945cdf4d-19ee-4b16-ab52-f3088995b381}</UniqueIdentifier>
    </Filter>
    <Filter Include="app\Views">
      <UniqueIdentifier>{a3a3f0f2-bc26-4cc6-987c-583dd0cc19b6}</UniqueIdentifier>
    </Filter>
    <Filter Include="Box2D">
      <UniqueIdentifier>{e2209bdf-4715-495f-aff5-619d921efd31}</UniqueIdentifier>
    </Filter>
  </ItemGroup>
  <ItemGroup>
    <ClInclude Include="..\..\src\app\ONutTestApp.h">
      <Filter>app</Filter>
    </ClInclude>
    <ClInclude Include="..\..\src\app\StartView.h">
      <Filter>app\Views</Filter>
    </ClInclude>
    <ClInclude Include="..\..\src\seed\App.h">
      <Filter>seed</Filter>
    </ClInclude>
    <ClInclude Include="..\..\src\seed\Sprite.h">
      <Filter>seed</Filter>
    </ClInclude>
    <ClInclude Include="..\..\src\seed\View.h">
      <Filter>seed</Filter>
    </ClInclude>
    <ClInclude Include="..\..\src\seed\SeedGlobals.h">
      <Filter>seed</Filter>
    </ClInclude>
    <ClInclude Include="..\..\src\seed\Node.h">
      <Filter>seed</Filter>
    </ClInclude>
    <ClInclude Include="..\..\src\seed\Button.h">
      <Filter>seed</Filter>
    </ClInclude>
    <ClInclude Include="..\..\src\seed\SpriteString.h">
      <Filter>seed</Filter>
    </ClInclude>
    <ClInclude Include="..\..\src\seed\Emitter.h">
      <Filter>seed</Filter>
    </ClInclude>
    <ClInclude Include="..\..\src\app\GameView.h">
      <Filter>app\Views</Filter>
    </ClInclude>
    <ClInclude Include="..\..\src\app\SplashView.h">
      <Filter>app\Views</Filter>
    </ClInclude>
    <ClInclude Include="..\..\src\seed\SoundEmitter.h">
      <Filter>seed</Filter>
    </ClInclude>
    <ClInclude Include="..\..\src\seed\MusicEmitter.h">
      <Filter>seed</Filter>
    </ClInclude>
    <ClInclude Include="..\..\src\seed\Video.h">
      <Filter>seed</Filter>
    </ClInclude>
    <ClInclude Include="..\..\src\seed\Effect.h">
      <Filter>seed</Filter>
    </ClInclude>
    <ClInclude Include="..\..\src\seed\TiledMapNode.h">
      <Filter>seed</Filter>
    </ClInclude>
    <ClInclude Include="..\..\Box2D\Common\b2BlockAllocator.h">
      <Filter>Box2D</Filter>
    </ClInclude>
    <ClInclude Include="..\..\Box2D\Dynamics\b2Body.h">
      <Filter>Box2D</Filter>
    </ClInclude>
    <ClInclude Include="..\..\Box2D\Collision\b2BroadPhase.h">
      <Filter>Box2D</Filter>
    </ClInclude>
    <ClInclude Include="..\..\Box2D\Dynamics\Contacts\b2ChainAndCircleContact.h">
      <Filter>Box2D</Filter>
    </ClInclude>
    <ClInclude Include="..\..\Box2D\Dynamics\Contacts\b2ChainAndPolygonContact.h">
      <Filter>Box2D</Filter>
    </ClInclude>
    <ClInclude Include="..\..\Box2D\Collision\Shapes\b2ChainShape.h">
      <Filter>Box2D</Filter>
    </ClInclude>
    <ClInclude Include="..\..\Box2D\Dynamics\Contacts\b2CircleContact.h">
      <Filter>Box2D</Filter>
    </ClInclude>
    <ClInclude Include="..\..\Box2D\Collision\Shapes\b2CircleShape.h">
      <Filter>Box2D</Filter>
    </ClInclude>
    <ClInclude Include="..\..\Box2D\Collision\b2Collision.h">
      <Filter>Box2D</Filter>
    </ClInclude>
    <ClInclude Include="..\..\Box2D\Dynamics\Contacts\b2Contact.h">
      <Filter>Box2D</Filter>
    </ClInclude>
    <ClInclude Include="..\..\Box2D\Dynamics\b2ContactManager.h">
      <Filter>Box2D</Filter>
    </ClInclude>
    <ClInclude Include="..\..\Box2D\Dynamics\Contacts\b2ContactSolver.h">
      <Filter>Box2D</Filter>
    </ClInclude>
    <ClInclude Include="..\..\Box2D\Collision\b2Distance.h">
      <Filter>Box2D</Filter>
    </ClInclude>
    <ClInclude Include="..\..\Box2D\Dynamics\Joints\b2DistanceJoint.h">
      <Filter>Box2D</Filter>
    </ClInclude>
    <ClInclude Include="..\..\Box2D\Common\b2Draw.h">
      <Filter>Box2D</Filter>
    </ClInclude>
    <ClInclude Include="..\..\Box2D\Collision\b2DynamicTree.h">
      <Filter>Box2D</Filter>
    </ClInclude>
    <ClInclude Include="..\..\Box2D\Dynamics\Contacts\b2EdgeAndCircleContact.h">
      <Filter>Box2D</Filter>
    </ClInclude>
    <ClInclude Include="..\..\Box2D\Dynamics\Contacts\b2EdgeAndPolygonContact.h">
      <Filter>Box2D</Filter>
    </ClInclude>
    <ClInclude Include="..\..\Box2D\Collision\Shapes\b2EdgeShape.h">
      <Filter>Box2D</Filter>
    </ClInclude>
    <ClInclude Include="..\..\Box2D\Dynamics\b2Fixture.h">
      <Filter>Box2D</Filter>
    </ClInclude>
    <ClInclude Include="..\..\Box2D\Dynamics\Joints\b2FrictionJoint.h">
      <Filter>Box2D</Filter>
    </ClInclude>
    <ClInclude Include="..\..\Box2D\Dynamics\Joints\b2GearJoint.h">
      <Filter>Box2D</Filter>
    </ClInclude>
    <ClInclude Include="..\..\Box2D\Common\b2GrowableStack.h">
      <Filter>Box2D</Filter>
    </ClInclude>
    <ClInclude Include="..\..\Box2D\Dynamics\b2Island.h">
      <Filter>Box2D</Filter>
    </ClInclude>
    <ClInclude Include="..\..\Box2D\Dynamics\Joints\b2Joint.h">
      <Filter>Box2D</Filter>
    </ClInclude>
    <ClInclude Include="..\..\Box2D\Common\b2Math.h">
      <Filter>Box2D</Filter>
    </ClInclude>
    <ClInclude Include="..\..\Box2D\Dynamics\Joints\b2MotorJoint.h">
      <Filter>Box2D</Filter>
    </ClInclude>
    <ClInclude Include="..\..\Box2D\Dynamics\Joints\b2MouseJoint.h">
      <Filter>Box2D</Filter>
    </ClInclude>
    <ClInclude Include="..\..\Box2D\Dynamics\Contacts\b2PolygonAndCircleContact.h">
      <Filter>Box2D</Filter>
    </ClInclude>
    <ClInclude Include="..\..\Box2D\Dynamics\Contacts\b2PolygonContact.h">
      <Filter>Box2D</Filter>
    </ClInclude>
    <ClInclude Include="..\..\Box2D\Collision\Shapes\b2PolygonShape.h">
      <Filter>Box2D</Filter>
    </ClInclude>
    <ClInclude Include="..\..\Box2D\Dynamics\Joints\b2PrismaticJoint.h">
      <Filter>Box2D</Filter>
    </ClInclude>
    <ClInclude Include="..\..\Box2D\Dynamics\Joints\b2PulleyJoint.h">
      <Filter>Box2D</Filter>
    </ClInclude>
    <ClInclude Include="..\..\Box2D\Dynamics\Joints\b2RevoluteJoint.h">
      <Filter>Box2D</Filter>
    </ClInclude>
    <ClInclude Include="..\..\Box2D\Rope\b2Rope.h">
      <Filter>Box2D</Filter>
    </ClInclude>
    <ClInclude Include="..\..\Box2D\Dynamics\Joints\b2RopeJoint.h">
      <Filter>Box2D</Filter>
    </ClInclude>
    <ClInclude Include="..\..\Box2D\Common\b2Settings.h">
      <Filter>Box2D</Filter>
    </ClInclude>
    <ClInclude Include="..\..\Box2D\Collision\Shapes\b2Shape.h">
      <Filter>Box2D</Filter>
    </ClInclude>
    <ClInclude Include="..\..\Box2D\Common\b2StackAllocator.h">
      <Filter>Box2D</Filter>
    </ClInclude>
    <ClInclude Include="..\..\Box2D\Collision\b2TimeOfImpact.h">
      <Filter>Box2D</Filter>
    </ClInclude>
    <ClInclude Include="..\..\Box2D\Common\b2Timer.h">
      <Filter>Box2D</Filter>
    </ClInclude>
    <ClInclude Include="..\..\Box2D\Dynamics\b2TimeStep.h">
      <Filter>Box2D</Filter>
    </ClInclude>
    <ClInclude Include="..\..\Box2D\Dynamics\Joints\b2WeldJoint.h">
      <Filter>Box2D</Filter>
    </ClInclude>
    <ClInclude Include="..\..\Box2D\Dynamics\Joints\b2WheelJoint.h">
      <Filter>Box2D</Filter>
    </ClInclude>
    <ClInclude Include="..\..\Box2D\Dynamics\b2World.h">
      <Filter>Box2D</Filter>
    </ClInclude>
    <ClInclude Include="..\..\Box2D\Dynamics\b2WorldCallbacks.h">
      <Filter>Box2D</Filter>
    </ClInclude>
    <ClInclude Include="..\..\Box2D\Box2D.h">
      <Filter>Box2D</Filter>
    </ClInclude>
    <ClInclude Include="..\..\src\seed\PhysicsMgr.h">
      <Filter>seed</Filter>
    </ClInclude>
    <ClInclude Include="..\..\src\app\PhysicsView.h">
      <Filter>app\Views</Filter>
    </ClInclude>
    <ClInclude Include="..\..\src\seed\PhysicsBody.h">
      <Filter>seed</Filter>
    </ClInclude>
    <ClInclude Include="..\..\src\seed\PhysicsListener.h">
      <Filter>seed</Filter>
    </ClInclude>
  </ItemGroup>
</Project>